
Microsoft Visual Studio Solution File, Format Version 12.00
# Visual Studio Version 17
VisualStudioVersion = 17.8.34511.84
MinimumVisualStudioVersion = 10.0.40219.1
Project("{FAE04EC0-301F-11D3-BF4B-00C04F79EFBC}") = "EFExemplo", "EFExemplo\EFExemplo.csproj", "{BEF5F257-1954-4966-9F50-4DC5CC358B58}"
EndProject
Global
	GlobalSection(SolutionConfigurationPlatforms) = preSolution
		Debug|Any CPU = Debug|Any CPU
		Release|Any CPU = Release|Any CPU
	EndGlobalSection
	GlobalSection(ProjectConfigurationPlatforms) = postSolution
		{BEF5F257-1954-4966-9F50-4DC5CC358B58}.Debug|Any CPU.ActiveCfg = Debug|Any CPU
		{BEF5F257-1954-4966-9F50-4DC5CC358B58}.Debug|Any CPU.Build.0 = Debug|Any CPU
		{BEF5F257-1954-4966-9F50-4DC5CC358B58}.Release|Any CPU.ActiveCfg = Release|Any CPU
		{BEF5F257-1954-4966-9F50-4DC5CC358B58}.Release|Any CPU.Build.0 = Release|Any CPU
	EndGlobalSection
	GlobalSection(SolutionProperties) = preSolution
		HideSolutionNode = FALSE
	EndGlobalSection
	GlobalSection(ExtensibilityGlobals) = postSolution
		SolutionGuid = {6C4DD0B8-FBE3-4512-9D1C-6F5226697109}
	EndGlobalSection
EndGlobal
